
Microsoft Visual Studio Solution File, Format Version 12.00
# Visual Studio Version 17
VisualStudioVersion = 17.0.31903.59
MinimumVisualStudioVersion = 10.0.40219.1
Project("{FAE04EC0-301F-11D3-BF4B-00C04F79EFBC}") = "Delegates", "Delegates\Delegates.csproj", "{CFDB5C65-E681-4DFC-8F1D-EC345C9747CE}"
EndProject
Global
	GlobalSection(SolutionConfigurationPlatforms) = preSolution
		Debug|Any CPU = Debug|Any CPU
		Release|Any CPU = Release|Any CPU
	EndGlobalSection
	GlobalSection(SolutionProperties) = preSolution
		HideSolutionNode = FALSE
	EndGlobalSection
	GlobalSection(ProjectConfigurationPlatforms) = postSolution
		{CFDB5C65-E681-4DFC-8F1D-EC345C9747CE}.Debug|Any CPU.ActiveCfg = Debug|Any CPU
		{CFDB5C65-E681-4DFC-8F1D-EC345C9747CE}.Debug|Any CPU.Build.0 = Debug|Any CPU
		{CFDB5C65-E681-4DFC-8F1D-EC345C9747CE}.Release|Any CPU.ActiveCfg = Release|Any CPU
		{CFDB5C65-E681-4DFC-8F1D-EC345C9747CE}.Release|Any CPU.Build.0 = Release|Any CPU
	EndGlobalSection
EndGlobal
