
Microsoft Visual Studio Solution File, Format Version 12.00
# Visual Studio Version 17
VisualStudioVersion = 17.0.31903.59
MinimumVisualStudioVersion = 10.0.40219.1
Project("{FAE04EC0-301F-11D3-BF4B-00C04F79EFBC}") = "StrategyPattern", "StrategyPattern\StrategyPattern.csproj", "{98BD4651-9DFA-434F-9472-9BBCC6C86E1B}"
EndProject
Project("{FAE04EC0-301F-11D3-BF4B-00C04F79EFBC}") = "PrototypePattern", "PrototypePattern\PrototypePattern.csproj", "{4722A88C-09E5-48BF-A6EE-50CC7455F924}"
EndProject
Project("{FAE04EC0-301F-11D3-BF4B-00C04F79EFBC}") = "FactoryPattern", "FactoryPattern\FactoryPattern.csproj", "{A21FC211-E82F-4982-A0F5-279A9D6CDE09}"
EndProject
Project("{FAE04EC0-301F-11D3-BF4B-00C04F79EFBC}") = "FacadePattern", "FacadePattern\FacadePattern.csproj", "{2397CCD0-DBB8-4B8C-85D9-2123F679609E}"
EndProject
Project("{FAE04EC0-301F-11D3-BF4B-00C04F79EFBC}") = "AdaptorPattern", "AdaptorPattern\AdaptorPattern.csproj", "{234FBB0C-A637-4D59-A7FC-1E07EF33ECB0}"
EndProject
Global
	GlobalSection(SolutionConfigurationPlatforms) = preSolution
		Debug|Any CPU = Debug|Any CPU
		Release|Any CPU = Release|Any CPU
	EndGlobalSection
	GlobalSection(SolutionProperties) = preSolution
		HideSolutionNode = FALSE
	EndGlobalSection
	GlobalSection(ProjectConfigurationPlatforms) = postSolution
		{98BD4651-9DFA-434F-9472-9BBCC6C86E1B}.Debug|Any CPU.ActiveCfg = Debug|Any CPU
		{98BD4651-9DFA-434F-9472-9BBCC6C86E1B}.Debug|Any CPU.Build.0 = Debug|Any CPU
		{98BD4651-9DFA-434F-9472-9BBCC6C86E1B}.Release|Any CPU.ActiveCfg = Release|Any CPU
		{98BD4651-9DFA-434F-9472-9BBCC6C86E1B}.Release|Any CPU.Build.0 = Release|Any CPU
		{4722A88C-09E5-48BF-A6EE-50CC7455F924}.Debug|Any CPU.ActiveCfg = Debug|Any CPU
		{4722A88C-09E5-48BF-A6EE-50CC7455F924}.Debug|Any CPU.Build.0 = Debug|Any CPU
		{4722A88C-09E5-48BF-A6EE-50CC7455F924}.Release|Any CPU.ActiveCfg = Release|Any CPU
		{4722A88C-09E5-48BF-A6EE-50CC7455F924}.Release|Any CPU.Build.0 = Release|Any CPU
		{A21FC211-E82F-4982-A0F5-279A9D6CDE09}.Debug|Any CPU.ActiveCfg = Debug|Any CPU
		{A21FC211-E82F-4982-A0F5-279A9D6CDE09}.Debug|Any CPU.Build.0 = Debug|Any CPU
		{A21FC211-E82F-4982-A0F5-279A9D6CDE09}.Release|Any CPU.ActiveCfg = Release|Any CPU
		{A21FC211-E82F-4982-A0F5-279A9D6CDE09}.Release|Any CPU.Build.0 = Release|Any CPU
		{2397CCD0-DBB8-4B8C-85D9-2123F679609E}.Debug|Any CPU.ActiveCfg = Debug|Any CPU
		{2397CCD0-DBB8-4B8C-85D9-2123F679609E}.Debug|Any CPU.Build.0 = Debug|Any CPU
		{2397CCD0-DBB8-4B8C-85D9-2123F679609E}.Release|Any CPU.ActiveCfg = Release|Any CPU
		{2397CCD0-DBB8-4B8C-85D9-2123F679609E}.Release|Any CPU.Build.0 = Release|Any CPU
		{234FBB0C-A637-4D59-A7FC-1E07EF33ECB0}.Debug|Any CPU.ActiveCfg = Debug|Any CPU
		{234FBB0C-A637-4D59-A7FC-1E07EF33ECB0}.Debug|Any CPU.Build.0 = Debug|Any CPU
		{234FBB0C-A637-4D59-A7FC-1E07EF33ECB0}.Release|Any CPU.ActiveCfg = Release|Any CPU
		{234FBB0C-A637-4D59-A7FC-1E07EF33ECB0}.Release|Any CPU.Build.0 = Release|Any CPU
	EndGlobalSection
EndGlobal
